
Microsoft Visual Studio Solution File, Format Version 11.00
# Visual Studio 2010
Project("{FAE04EC0-301F-11D3-BF4B-00C04F79EFBC}") = "SupermarketG11", "Assembly-CSharp.csproj", "{A73EDDE5-7A6E-66CA-C7F2-C81FB7A77151}"
EndProject
Project("{FAE04EC0-301F-11D3-BF4B-00C04F79EFBC}") = "SupermarketG11", "Assembly-CSharp-firstpass.csproj", "{CAB965D3-4304-3C06-AD9A-790CF6A0C5EE}"
EndProject
Project("{FAE04EC0-301F-11D3-BF4B-00C04F79EFBC}") = "SupermarketG11", "Assembly-CSharp-Editor-firstpass.csproj", "{7DB090C8-E665-6BAD-F4F6-2A5104F444C9}"
EndProject
Project("{FAE04EC0-301F-11D3-BF4B-00C04F79EFBC}") = "SupermarketG11", "Assembly-CSharp-Editor.csproj", "{5DE07F26-7934-37FF-7E28-0C3F28157DAF}"
EndProject
Global
	GlobalSection(SolutionConfigurationPlatforms) = preSolution
		Debug|Any CPU = Debug|Any CPU
		Release|Any CPU = Release|Any CPU
	EndGlobalSection
	GlobalSection(ProjectConfigurationPlatforms) = postSolution
		{A73EDDE5-7A6E-66CA-C7F2-C81FB7A77151}.Debug|Any CPU.ActiveCfg = Debug|Any CPU
		{A73EDDE5-7A6E-66CA-C7F2-C81FB7A77151}.Debug|Any CPU.Build.0 = Debug|Any CPU
		{A73EDDE5-7A6E-66CA-C7F2-C81FB7A77151}.Release|Any CPU.ActiveCfg = Release|Any CPU
		{A73EDDE5-7A6E-66CA-C7F2-C81FB7A77151}.Release|Any CPU.Build.0 = Release|Any CPU
		{CAB965D3-4304-3C06-AD9A-790CF6A0C5EE}.Debug|Any CPU.ActiveCfg = Debug|Any CPU
		{CAB965D3-4304-3C06-AD9A-790CF6A0C5EE}.Debug|Any CPU.Build.0 = Debug|Any CPU
		{CAB965D3-4304-3C06-AD9A-790CF6A0C5EE}.Release|Any CPU.ActiveCfg = Release|Any CPU
		{CAB965D3-4304-3C06-AD9A-790CF6A0C5EE}.Release|Any CPU.Build.0 = Release|Any CPU
		{7DB090C8-E665-6BAD-F4F6-2A5104F444C9}.Debug|Any CPU.ActiveCfg = Debug|Any CPU
		{7DB090C8-E665-6BAD-F4F6-2A5104F444C9}.Debug|Any CPU.Build.0 = Debug|Any CPU
		{7DB090C8-E665-6BAD-F4F6-2A5104F444C9}.Release|Any CPU.ActiveCfg = Release|Any CPU
		{7DB090C8-E665-6BAD-F4F6-2A5104F444C9}.Release|Any CPU.Build.0 = Release|Any CPU
		{5DE07F26-7934-37FF-7E28-0C3F28157DAF}.Debug|Any CPU.ActiveCfg = Debug|Any CPU
		{5DE07F26-7934-37FF-7E28-0C3F28157DAF}.Debug|Any CPU.Build.0 = Debug|Any CPU
		{5DE07F26-7934-37FF-7E28-0C3F28157DAF}.Release|Any CPU.ActiveCfg = Release|Any CPU
		{5DE07F26-7934-37FF-7E28-0C3F28157DAF}.Release|Any CPU.Build.0 = Release|Any CPU
	EndGlobalSection
	GlobalSection(SolutionProperties) = preSolution
		HideSolutionNode = FALSE
	EndGlobalSection
	GlobalSection(MonoDevelopProperties) = preSolution
		StartupItem = Assembly-CSharp.csproj
	EndGlobalSection
EndGlobal
